
Microsoft Visual Studio Solution File, Format Version 12.00
# Visual Studio Version 17
VisualStudioVersion = 17.11.35303.130
MinimumVisualStudioVersion = 10.0.40219.1
Project("{FAE04EC0-301F-11D3-BF4B-00C04F79EFBC}") = "Abstraccion", "Abstraccion\Abstraccion.csproj", "{9881137F-9D19-4DBE-B73F-510C476C9455}"
EndProject
Global
	GlobalSection(SolutionConfigurationPlatforms) = preSolution
		Debug|Any CPU = Debug|Any CPU
		Release|Any CPU = Release|Any CPU
	EndGlobalSection
	GlobalSection(ProjectConfigurationPlatforms) = postSolution
		{9881137F-9D19-4DBE-B73F-510C476C9455}.Debug|Any CPU.ActiveCfg = Debug|Any CPU
		{9881137F-9D19-4DBE-B73F-510C476C9455}.Debug|Any CPU.Build.0 = Debug|Any CPU
		{9881137F-9D19-4DBE-B73F-510C476C9455}.Release|Any CPU.ActiveCfg = Release|Any CPU
		{9881137F-9D19-4DBE-B73F-510C476C9455}.Release|Any CPU.Build.0 = Release|Any CPU
	EndGlobalSection
	GlobalSection(SolutionProperties) = preSolution
		HideSolutionNode = FALSE
	EndGlobalSection
	GlobalSection(ExtensibilityGlobals) = postSolution
		SolutionGuid = {34DDB3E6-3290-40EB-9469-10C7C091BB87}
	EndGlobalSection
EndGlobal
